{
    "requires": true,
    "lockfileVersion": 1,
    "dependencies": {
        "bootstrap": {
            "version": "5.2.3",
            "resolved": "https://registry.npmjs.org/bootstrap/-/bootstrap-5.2.3.tgz",
            "integrity": "sha512-cEKPM+fwb3cT8NzQZYEu4HilJ3anCrWqh3CHAok1p9jXqMPsPTBhU25fBckEJHJ/p+tTxTFTsFQGM+gaHpi3QQ=="
        },
        "md.bootstrappersiandatetimepicker": {
            "version": "4.2.4",
            "resolved": "https://registry.npmjs.org/md.bootstrappersiandatetimepicker/-/md.bootstrappersiandatetimepicker-4.2.4.tgz",
            "integrity": "sha512-ol0stJWPfWcVE6y80kD+YwHAitzeNRHYBx/GfmA4EHf4pygz4Bu8osLn7s2FGd4SZt5tr0kCwUZZhepY2j6Z/w==",
            "requires": {
                "bootstrap": "^5.2.3"
            }
        }
    }
}
